
Microsoft Visual Studio Solution File, Format Version 12.00
# Visual Studio Version 16
VisualStudioVersion = 16.0.30711.63
MinimumVisualStudioVersion = 10.0.40219.1
Project("{FAE04EC0-301F-11D3-BF4B-00C04F79EFBC}") = "Concurrency", "Concurrency\Concurrency.csproj", "{4117AB0D-6E97-40C2-AFF7-BB9CD91035A8}"
EndProject
Project("{FAE04EC0-301F-11D3-BF4B-00C04F79EFBC}") = "Concurrency.ConsoleApp", "Concurrency.ConsoleApp\Concurrency.ConsoleApp.csproj", "{14B958B7-F516-4669-9FE6-482E924B2B61}"
EndProject
Project("{FAE04EC0-301F-11D3-BF4B-00C04F79EFBC}") = "WindowsFormsApp1", "WindowsFormsApp1\WindowsFormsApp1.csproj", "{C145C7D6-CE56-41D3-9406-2F28B9E61BF6}"
EndProject
Global
	GlobalSection(SolutionConfigurationPlatforms) = preSolution
		Debug|Any CPU = Debug|Any CPU
		Release|Any CPU = Release|Any CPU
	EndGlobalSection
	GlobalSection(ProjectConfigurationPlatforms) = postSolution
		{4117AB0D-6E97-40C2-AFF7-BB9CD91035A8}.Debug|Any CPU.ActiveCfg = Debug|Any CPU
		{4117AB0D-6E97-40C2-AFF7-BB9CD91035A8}.Debug|Any CPU.Build.0 = Debug|Any CPU
		{4117AB0D-6E97-40C2-AFF7-BB9CD91035A8}.Release|Any CPU.ActiveCfg = Release|Any CPU
		{4117AB0D-6E97-40C2-AFF7-BB9CD91035A8}.Release|Any CPU.Build.0 = Release|Any CPU
		{14B958B7-F516-4669-9FE6-482E924B2B61}.Debug|Any CPU.ActiveCfg = Debug|Any CPU
		{14B958B7-F516-4669-9FE6-482E924B2B61}.Debug|Any CPU.Build.0 = Debug|Any CPU
		{14B958B7-F516-4669-9FE6-482E924B2B61}.Release|Any CPU.ActiveCfg = Release|Any CPU
		{14B958B7-F516-4669-9FE6-482E924B2B61}.Release|Any CPU.Build.0 = Release|Any CPU
		{C145C7D6-CE56-41D3-9406-2F28B9E61BF6}.Debug|Any CPU.ActiveCfg = Debug|Any CPU
		{C145C7D6-CE56-41D3-9406-2F28B9E61BF6}.Debug|Any CPU.Build.0 = Debug|Any CPU
		{C145C7D6-CE56-41D3-9406-2F28B9E61BF6}.Release|Any CPU.ActiveCfg = Release|Any CPU
		{C145C7D6-CE56-41D3-9406-2F28B9E61BF6}.Release|Any CPU.Build.0 = Release|Any CPU
	EndGlobalSection
	GlobalSection(SolutionProperties) = preSolution
		HideSolutionNode = FALSE
	EndGlobalSection
	GlobalSection(ExtensibilityGlobals) = postSolution
		SolutionGuid = {49D9EB36-BED2-4763-BAD4-019FAECEA4A8}
	EndGlobalSection
EndGlobal
